// !$*UTF8*$!
{
	archiveVersion = 1;
	classes = {
	};
	objectVersion = 56;
	objects = {

/* Begin PBXBuildFile section */
		A82960F22C57246100C286D4 /* Assignment_for_cs193pApp.swift in Sources */ = {isa = PBXBuildFile; fileRef = A82960F12C57246100C286D4 /* Assignment_for_cs193pApp.swift */; };
		A82960F42C57246100C286D4 /* ContentView.swift in Sources */ = {isa = PBXBuildFile; fileRef = A82960F32C57246100C286D4 /* ContentView.swift */; };
		A82960F62C57246500C286D4 /* Assets.xcassets in Resources */ = {isa = PBXBuildFile; fileRef = A82960F52C57246500C286D4 /* Assets.xcassets */; };
		A82960F92C57246500C286D4 /* Preview Assets.xcassets in Resources */ = {isa = PBXBuildFile; fileRef = A82960F82C57246500C286D4 /* Preview Assets.xcassets */; };
		A82961032C57246500C286D4 /* Assignment_for_cs193pTests.swift in Sources */ = {isa = PBXBuildFile; fileRef = A82961022C57246500C286D4 /* Assignment_for_cs193pTests.swift */; };
		A829610D2C57246500C286D4 /* Assignment_for_cs193pUITests.swift in Sources */ = {isa = PBXBuildFile; fileRef = A829610C2C57246500C286D4 /* Assignment_for_cs193pUITests.swift */; };
		A829610F2C57246500C286D4 /* Assignment_for_cs193pUITestsLaunchTests.swift in Sources */ = {isa = PBXBuildFile; fileRef = A829610E2C57246500C286D4 /* Assignment_for_cs193pUITestsLaunchTests.swift */; };
/* End PBXBuildFile section */

/* Begin PBXContainerItemProxy section */
		A82960FF2C57246500C286D4 /* PBXContainerItemProxy */ = {
			isa = PBXContainerItemProxy;
			containerPortal = A82960E62C57246100C286D4 /* Project object */;
			proxyType = 1;
			remoteGlobalIDString = A82960ED2C57246100C286D4;
			remoteInfo = "Assignment for cs193p";
		};
		A82961092C57246500C286D4 /* PBXContainerItemProxy */ = {
			isa = PBXContainerItemProxy;
			containerPortal = A82960E62C57246100C286D4 /* Project object */;
			proxyType = 1;
			remoteGlobalIDString = A82960ED2C57246100C286D4;
			remoteInfo = "Assignment for cs193p";
		};
/* End PBXContainerItemProxy section */

/* Begin PBXFileReference section */
		A82960EE2C57246100C286D4 /* Assignment for cs193p.app */ = {isa = PBXFileReference; explicitFileType = wrapper.application; includeInIndex = 0; path = "Assignment for cs193p.app"; sourceTree = BUILT_PRODUCTS_DIR; };
		A82960F12C57246100C286D4 /* Assignment_for_cs193pApp.swift */ = {isa = PBXFileReference; lastKnownFileType = sourcecode.swift; path = Assignment_for_cs193pApp.swift; sourceTree = "<group>"; };
		A82960F32C57246100C286D4 /* ContentView.swift */ = {isa = PBXFileReference; lastKnownFileType = sourcecode.swift; path = ContentView.swift; sourceTree = "<group>"; };
		A82960F52C57246500C286D4 /* Assets.xcassets */ = {isa = PBXFileReference; lastKnownFileType = folder.assetcatalog; path = Assets.xcassets; sourceTree = "<group>"; };
		A82960F82C57246500C286D4 /* Preview Assets.xcassets */ = {isa = PBXFileReference; lastKnownFileType = folder.assetcatalog; path = "Preview Assets.xcassets"; sourceTree = "<group>"; };
		A82960FE2C57246500C286D4 /* Assignment for cs193pTests.xctest */ = {isa = PBXFileReference; explicitFileType = wrapper.cfbundle; includeInIndex = 0; path = "Assignment for cs193pTests.xctest"; sourceTree = BUILT_PRODUCTS_DIR; };
		A82961022C57246500C286D4 /* Assignment_for_cs193pTests.swift */ = {isa = PBXFileReference; lastKnownFileType = sourcecode.swift; path = Assignment_for_cs193pTests.swift; sourceTree = "<group>"; };
		A82961082C57246500C286D4 /* Assignment for cs193pUITests.xctest */ = {isa = PBXFileReference; explicitFileType = wrapper.cfbundle; includeInIndex = 0; path = "Assignment for cs193pUITests.xctest"; sourceTree = BUILT_PRODUCTS_DIR; };
		A829610C2C57246500C286D4 /* Assignment_for_cs193pUITests.swift */ = {isa = PBXFileReference; lastKnownFileType = sourcecode.swift; path = Assignment_for_cs193pUITests.swift; sourceTree = "<group>"; };
		A829610E2C57246500C286D4 /* Assignment_for_cs193pUITestsLaunchTests.swift */ = {isa = PBXFileReference; lastKnownFileType = sourcecode.swift; path = Assignment_for_cs193pUITestsLaunchTests.swift; sourceTree = "<group>"; };
/* End PBXFileReference section */

/* Begin PBXFrameworksBuildPhase section */
		A82960EB2C57246100C286D4 /* Frameworks */ = {
			isa = PBXFrameworksBuildPhase;
			buildActionMask = 2147483647;
			files = (
			);
			runOnlyForDeploymentPostprocessing = 0;
		};
		A82960FB2C57246500C286D4 /* Frameworks */ = {
			isa = PBXFrameworksBuildPhase;
			buildActionMask = 2147483647;
			files = (
			);
			runOnlyForDeploymentPostprocessing = 0;
		};
		A82961052C57246500C286D4 /* Frameworks */ = {
			isa = PBXFrameworksBuildPhase;
			buildActionMask = 2147483647;
			files = (
			);
			runOnlyForDeploymentPostprocessing = 0;
		};
/* End PBXFrameworksBuildPhase section */

/* Begin PBXGroup section */
		A82960E52C57246100C286D4 = {
			isa = PBXGroup;
			children = (
				A82960F02C57246100C286D4 /* Assignment for cs193p */,
				A82961012C57246500C286D4 /* Assignment for cs193pTests */,
				A829610B2C57246500C286D4 /* Assignment for cs193pUITests */,
				A82960EF2C57246100C286D4 /* Products */,
			);
			sourceTree = "<group>";
		};
		A82960EF2C57246100C286D4 /* Products */ = {
			isa = PBXGroup;
			children = (
				A82960EE2C57246100C286D4 /* Assignment for cs193p.app */,
				A82960FE2C57246500C286D4 /* Assignment for cs193pTests.xctest */,
				A82961082C57246500C286D4 /* Assignment for cs193pUITests.xctest */,
			);
			name = Products;
			sourceTree = "<group>";
		};
		A82960F02C57246100C286D4 /* Assignment for cs193p */ = {
			isa = PBXGroup;
			children = (
				A82960F12C57246100C286D4 /* Assignment_for_cs193pApp.swift */,
				A82960F32C57246100C286D4 /* ContentView.swift */,
				A82960F52C57246500C286D4 /* Assets.xcassets */,
				A82960F72C57246500C286D4 /* Preview Content */,
			);
			path = "Assignment for cs193p";
			sourceTree = "<group>";
		};
		A82960F72C57246500C286D4 /* Preview Content */ = {
			isa = PBXGroup;
			children = (
				A82960F82C57246500C286D4 /* Preview Assets.xcassets */,
			);
			path = "Preview Content";
			sourceTree = "<group>";
		};
		A82961012C57246500C286D4 /* Assignment for cs193pTests */ = {
			isa = PBXGroup;
			children = (
				A82961022C57246500C286D4 /* Assignment_for_cs193pTests.swift */,
			);
			path = "Assignment for cs193pTests";
			sourceTree = "<group>";
		};
		A829610B2C57246500C286D4 /* Assignment for cs193pUITests */ = {
			isa = PBXGroup;
			children = (
				A829610C2C57246500C286D4 /* Assignment_for_cs193pUITests.swift */,
				A829610E2C57246500C286D4 /* Assignment_for_cs193pUITestsLaunchTests.swift */,
			);
			path = "Assignment for cs193pUITests";
			sourceTree = "<group>";
		};
/* End PBXGroup section */

/* Begin PBXNativeTarget section */
		A82960ED2C57246100C286D4 /* Assignment for cs193p */ = {
			isa = PBXNativeTarget;
			buildConfigurationList = A82961122C57246500C286D4 /* Build configuration list for PBXNativeTarget "Assignment for cs193p" */;
			buildPhases = (
				A82960EA2C57246100C286D4 /* Sources */,
				A82960EB2C57246100C286D4 /* Frameworks */,
				A82960EC2C57246100C286D4 /* Resources */,
			);
			buildRules = (
			);
			dependencies = (
			);
			name = "Assignment for cs193p";
			productName = "Assignment for cs193p";
			productReference = A82960EE2C57246100C286D4 /* Assignment for cs193p.app */;
			productType = "com.apple.product-type.application";
		};
		A82960FD2C57246500C286D4 /* Assignment for cs193pTests */ = {
			isa = PBXNativeTarget;
			buildConfigurationList = A82961152C57246500C286D4 /* Build configuration list for PBXNativeTarget "Assignment for cs193pTests" */;
			buildPhases = (
				A82960FA2C57246500C286D4 /* Sources */,
				A82960FB2C57246500C286D4 /* Frameworks */,
				A82960FC2C57246500C286D4 /* Resources */,
			);
			buildRules = (
			);
			dependencies = (
				A82961002C57246500C286D4 /* PBXTargetDependency */,
			);
			name = "Assignment for cs193pTests";
			productName = "Assignment for cs193pTests";
			productReference = A82960FE2C57246500C286D4 /* Assignment for cs193pTests.xctest */;
			productType = "com.apple.product-type.bundle.unit-test";
		};
		A82961072C57246500C286D4 /* Assignment for cs193pUITests */ = {
			isa = PBXNativeTarget;
			buildConfigurationList = A82961182C57246500C286D4 /* Build configuration list for PBXNativeTarget "Assignment for cs193pUITests" */;
			buildPhases = (
				A82961042C57246500C286D4 /* Sources */,
				A82961052C57246500C286D4 /* Frameworks */,
				A82961062C57246500C286D4 /* Resources */,
			);
			buildRules = (
			);
			dependencies = (
				A829610A2C57246500C286D4 /* PBXTargetDependency */,
			);
			name = "Assignment for cs193pUITests";
			productName = "Assignment for cs193pUITests";
			productReference = A82961082C57246500C286D4 /* Assignment for cs193pUITests.xctest */;
			productType = "com.apple.product-type.bundle.ui-testing";
		};
/* End PBXNativeTarget section */

/* Begin PBXProject section */
		A82960E62C57246100C286D4 /* Project object */ = {
			isa = PBXProject;
			attributes = {
				BuildIndependentTargetsInParallel = 1;
				LastSwiftUpdateCheck = 1540;
				LastUpgradeCheck = 1540;
				TargetAttributes = {
					A82960ED2C57246100C286D4 = {
						CreatedOnToolsVersion = 15.4;
					};
					A82960FD2C57246500C286D4 = {
						CreatedOnToolsVersion = 15.4;
						TestTargetID = A82960ED2C57246100C286D4;
					};
					A82961072C57246500C286D4 = {
						CreatedOnToolsVersion = 15.4;
						TestTargetID = A82960ED2C57246100C286D4;
					};
				};
			};
			buildConfigurationList = A82960E92C57246100C286D4 /* Build configuration list for PBXProject "Assignment for cs193p" */;
			compatibilityVersion = "Xcode 14.0";
			developmentRegion = en;
			hasScannedForEncodings = 0;
			knownRegions = (
				en,
				Base,
			);
			mainGroup = A82960E52C57246100C286D4;
			productRefGroup = A82960EF2C57246100C286D4 /* Products */;
			projectDirPath = "";
			projectRoot = "";
			targets = (
				A82960ED2C57246100C286D4 /* Assignment for cs193p */,
				A82960FD2C57246500C286D4 /* Assignment for cs193pTests */,
				A82961072C57246500C286D4 /* Assignment for cs193pUITests */,
			);
		};
/* End PBXProject section */

/* Begin PBXResourcesBuildPhase section */
		A82960EC2C57246100C286D4 /* Resources */ = {
			isa = PBXResourcesBuildPhase;
			buildActionMask = 2147483647;
			files = (
				A82960F92C57246500C286D4 /* Preview Assets.xcassets in Resources */,
				A82960F62C57246500C286D4 /* Assets.xcassets in Resources */,
			);
			runOnlyForDeploymentPostprocessing = 0;
		};
		A82960FC2C57246500C286D4 /* Resources */ = {
			isa = PBXResourcesBuildPhase;
			buildActionMask = 2147483647;
			files = (
			);
			runOnlyForDeploymentPostprocessing = 0;
		};
		A82961062C57246500C286D4 /* Resources */ = {
			isa = PBXResourcesBuildPhase;
			buildActionMask = 2147483647;
			files = (
			);
			runOnlyForDeploymentPostprocessing = 0;
		};
/* End PBXResourcesBuildPhase section */

/* Begin PBXSourcesBuildPhase section */
		A82960EA2C57246100C286D4 /* Sources */ = {
			isa = PBXSourcesBuildPhase;
			buildActionMask = 2147483647;
			files = (
				A82960F42C57246100C286D4 /* ContentView.swift in Sources */,
				A82960F22C57246100C286D4 /* Assignment_for_cs193pApp.swift in Sources */,
			);
			runOnlyForDeploymentPostprocessing = 0;
		};
		A82960FA2C57246500C286D4 /* Sources */ = {
			isa = PBXSourcesBuildPhase;
			buildActionMask = 2147483647;
			files = (
				A82961032C57246500C286D4 /* Assignment_for_cs193pTests.swift in Sources */,
			);
			runOnlyForDeploymentPostprocessing = 0;
		};
		A82961042C57246500C286D4 /* Sources */ = {
			isa = PBXSourcesBuildPhase;
			buildActionMask = 2147483647;
			files = (
				A829610F2C57246500C286D4 /* Assignment_for_cs193pUITestsLaunchTests.swift in Sources */,
				A829610D2C57246500C286D4 /* Assignment_for_cs193pUITests.swift in Sources */,
			);
			runOnlyForDeploymentPostprocessing = 0;
		};
/* End PBXSourcesBuildPhase section */

/* Begin PBXTargetDependency section */
		A82961002C57246500C286D4 /* PBXTargetDependency */ = {
			isa = PBXTargetDependency;
			target = A82960ED2C57246100C286D4 /* Assignment for cs193p */;
			targetProxy = A82960FF2C57246500C286D4 /* PBXContainerItemProxy */;
		};
		A829610A2C57246500C286D4 /* PBXTargetDependency */ = {
			isa = PBXTargetDependency;
			target = A82960ED2C57246100C286D4 /* Assignment for cs193p */;
			targetProxy = A82961092C57246500C286D4 /* PBXContainerItemProxy */;
		};
/* End PBXTargetDependency section */

/* Begin XCBuildConfiguration section */
		A82961102C57246500C286D4 /* Debug */ = {
			isa = XCBuildConfiguration;
			buildSettings = {
				ALWAYS_SEARCH_USER_PATHS = NO;
				ASSETCATALOG_COMPILER_GENERATE_SWIFT_ASSET_SYMBOL_EXTENSIONS = YES;
				CLANG_ANALYZER_NONNULL = YES;
				CLANG_ANALYZER_NUMBER_OBJECT_CONVERSION = YES_AGGRESSIVE;
				CLANG_CXX_LANGUAGE_STANDARD = "gnu++20";
				CLANG_ENABLE_MODULES = YES;
				CLANG_ENABLE_OBJC_ARC = YES;
				CLANG_ENABLE_OBJC_WEAK = YES;
				CLANG_WARN_BLOCK_CAPTURE_AUTORELEASING = YES;
				CLANG_WARN_BOOL_CONVERSION = YES;
				CLANG_WARN_COMMA = YES;
				CLANG_WARN_CONSTANT_CONVERSION = YES;
				CLANG_WARN_DEPRECATED_OBJC_IMPLEMENTATIONS = YES;
				CLANG_WARN_DIRECT_OBJC_ISA_USAGE = YES_ERROR;
				CLANG_WARN_DOCUMENTATION_COMMENTS = YES;
				CLANG_WARN_EMPTY_BODY = YES;
				CLANG_WARN_ENUM_CONVERSION = YES;
				CLANG_WARN_INFINITE_RECURSION = YES;
				CLANG_WARN_INT_CONVERSION = YES;
				CLANG_WARN_NON_LITERAL_NULL_CONVERSION = YES;
				CLANG_WARN_OBJC_IMPLICIT_RETAIN_SELF = YES;
				CLANG_WARN_OBJC_LITERAL_CONVERSION = YES;
				CLANG_WARN_OBJC_ROOT_CLASS = YES_ERROR;
				CLANG_WARN_QUOTED_INCLUDE_IN_FRAMEWORK_HEADER = YES;
				CLANG_WARN_RANGE_LOOP_ANALYSIS = YES;
				CLANG_WARN_STRICT_PROTOTYPES = YES;
				CLANG_WARN_SUSPICIOUS_MOVE = YES;
				CLANG_WARN_UNGUARDED_AVAILABILITY = YES_AGGRESSIVE;
				CLANG_WARN_UNREACHABLE_CODE = YES;
				CLANG_WARN__DUPLICATE_METHOD_MATCH = YES;
				COPY_PHASE_STRIP = NO;
				DEBUG_INFORMATION_FORMAT = dwarf;
				ENABLE_STRICT_OBJC_MSGSEND = YES;
				ENABLE_TESTABILITY = YES;
				ENABLE_USER_SCRIPT_SANDBOXING = YES;
				GCC_C_LANGUAGE_STANDARD = gnu17;
				GCC_DYNAMIC_NO_PIC = NO;
				GCC_NO_COMMON_BLOCKS = YES;
				GCC_OPTIMIZATION_LEVEL = 0;
				GCC_PREPROCESSOR_DEFINITIONS = (
					"DEBUG=1",
					"$(inherited)",
				);
				GCC_WARN_64_TO_32_BIT_CONVERSION = YES;
				GCC_WARN_ABOUT_RETURN_TYPE = YES_ERROR;
				GCC_WARN_UNDECLARED_SELECTOR = YES;
				GCC_WARN_UNINITIALIZED_AUTOS = YES_AGGRESSIVE;
				GCC_WARN_UNUSED_FUNCTION = YES;
				GCC_WARN_UNUSED_VARIABLE = YES;
				IPHONEOS_DEPLOYMENT_TARGET = 17.5;
				LOCALIZATION_PREFERS_STRING_CATALOGS = YES;
				MTL_ENABLE_DEBUG_INFO = INCLUDE_SOURCE;
				MTL_FAST_MATH = YES;
				ONLY_ACTIVE_ARCH = YES;
				SDKROOT = iphoneos;
				SWIFT_ACTIVE_COMPILATION_CONDITIONS = "DEBUG $(inherited)";
				SWIFT_OPTIMIZATION_LEVEL = "-Onone";
			};
			name = Debug;
		};
		A82961112C57246500C286D4 /* Release */ = {
			isa = XCBuildConfiguration;
			buildSettings = {
				ALWAYS_SEARCH_USER_PATHS = NO;
				ASSETCATALOG_COMPILER_GENERATE_SWIFT_ASSET_SYMBOL_EXTENSIONS = YES;
				CLANG_ANALYZER_NONNULL = YES;
				CLANG_ANALYZER_NUMBER_OBJECT_CONVERSION = YES_AGGRESSIVE;
				CLANG_CXX_LANGUAGE_STANDARD = "gnu++20";
				CLANG_ENABLE_MODULES = YES;
				CLANG_ENABLE_OBJC_ARC = YES;
				CLANG_ENABLE_OBJC_WEAK = YES;
				CLANG_WARN_BLOCK_CAPTURE_AUTORELEASING = YES;
				CLANG_WARN_BOOL_CONVERSION = YES;
				CLANG_WARN_COMMA = YES;
				CLANG_WARN_CONSTANT_CONVERSION = YES;
				CLANG_WARN_DEPRECATED_OBJC_IMPLEMENTATIONS = YES;
				CLANG_WARN_DIRECT_OBJC_ISA_USAGE = YES_ERROR;
				CLANG_WARN_DOCUMENTATION_COMMENTS = YES;
				CLANG_WARN_EMPTY_BODY = YES;
				CLANG_WARN_ENUM_CONVERSION = YES;
				CLANG_WARN_INFINITE_RECURSION = YES;
				CLANG_WARN_INT_CONVERSION = YES;
				CLANG_WARN_NON_LITERAL_NULL_CONVERSION = YES;
				CLANG_WARN_OBJC_IMPLICIT_RETAIN_SELF = YES;
				CLANG_WARN_OBJC_LITERAL_CONVERSION = YES;
				CLANG_WARN_OBJC_ROOT_CLASS = YES_ERROR;
				CLANG_WARN_QUOTED_INCLUDE_IN_FRAMEWORK_HEADER = YES;
				CLANG_WARN_RANGE_LOOP_ANALYSIS = YES;
				CLANG_WARN_STRICT_PROTOTYPES = YES;
				CLANG_WARN_SUSPICIOUS_MOVE = YES;
				CLANG_WARN_UNGUARDED_AVAILABILITY = YES_AGGRESSIVE;
				CLANG_WARN_UNREACHABLE_CODE = YES;
				CLANG_WARN__DUPLICATE_METHOD_MATCH = YES;
				COPY_PHASE_STRIP = NO;
				DEBUG_INFORMATION_FORMAT = "dwarf-with-dsym";
				ENABLE_NS_ASSERTIONS = NO;
				ENABLE_STRICT_OBJC_MSGSEND = YES;
				ENABLE_USER_SCRIPT_SANDBOXING = YES;
				GCC_C_LANGUAGE_STANDARD = gnu17;
				GCC_NO_COMMON_BLOCKS = YES;
				GCC_WARN_64_TO_32_BIT_CONVERSION = YES;
				GCC_WARN_ABOUT_RETURN_TYPE = YES_ERROR;
				GCC_WARN_UNDECLARED_SELECTOR = YES;
				GCC_WARN_UNINITIALIZED_AUTOS = YES_AGGRESSIVE;
				GCC_WARN_UNUSED_FUNCTION = YES;
				GCC_WARN_UNUSED_VARIABLE = YES;
				IPHONEOS_DEPLOYMENT_TARGET = 17.5;
				LOCALIZATION_PREFERS_STRING_CATALOGS = YES;
				MTL_ENABLE_DEBUG_INFO = NO;
				MTL_FAST_MATH = YES;
				SDKROOT = iphoneos;
				SWIFT_COMPILATION_MODE = wholemodule;
				VALIDATE_PRODUCT = YES;
			};
			name = Release;
		};
		A82961132C57246500C286D4 /* Debug */ = {
			isa = XCBuildConfiguration;
			buildSettings = {
				ASSETCATALOG_COMPILER_APPICON_NAME = AppIcon;
				ASSETCATALOG_COMPILER_GLOBAL_ACCENT_COLOR_NAME = AccentColor;
				CODE_SIGN_STYLE = Automatic;
				CURRENT_PROJECT_VERSION = 1;
				DEVELOPMENT_ASSET_PATHS = "\"Assignment for cs193p/Preview Content\"";
				DEVELOPMENT_TEAM = LU8TV9ZK2Z;
				ENABLE_PREVIEWS = YES;
				GENERATE_INFOPLIST_FILE = YES;
				INFOPLIST_KEY_UIApplicationSceneManifest_Generation = YES;
				INFOPLIST_KEY_UIApplicationSupportsIndirectInputEvents = YES;
				INFOPLIST_KEY_UILaunchScreen_Generation = YES;
				INFOPLIST_KEY_UISupportedInterfaceOrientations_iPad = "UIInterfaceOrientationPortrait UIInterfaceOrientationPortraitUpsideDown UIInterfaceOrientationLandscapeLeft UIInterfaceOrientationLandscapeRight";
				INFOPLIST_KEY_UISupportedInterfaceOrientations_iPhone = "UIInterfaceOrientationPortrait UIInterfaceOrientationLandscapeLeft UIInterfaceOrientationLandscapeRight";
				LD_RUNPATH_SEARCH_PATHS = (
					"$(inherited)",
					"@executable_path/Frameworks",
				);
				MARKETING_VERSION = 1.0;
				PRODUCT_BUNDLE_IDENTIFIER = "waven7.Assignment-for-cs193p";
				PRODUCT_NAME = "$(TARGET_NAME)";
				SWIFT_EMIT_LOC_STRINGS = YES;
				SWIFT_VERSION = 5.0;
				TARGETED_DEVICE_FAMILY = "1,2";
			};
			name = Debug;
		};
		A82961142C57246500C286D4 /* Release */ = {
			isa = XCBuildConfiguration;
			buildSettings = {
				ASSETCATALOG_COMPILER_APPICON_NAME = AppIcon;
				ASSETCATALOG_COMPILER_GLOBAL_ACCENT_COLOR_NAME = AccentColor;
				CODE_SIGN_STYLE = Automatic;
				CURRENT_PROJECT_VERSION = 1;
				DEVELOPMENT_ASSET_PATHS = "\"Assignment for cs193p/Preview Content\"";
				DEVELOPMENT_TEAM = LU8TV9ZK2Z;
				ENABLE_PREVIEWS = YES;
				GENERATE_INFOPLIST_FILE = YES;
				INFOPLIST_KEY_UIApplicationSceneManifest_Generation = YES;
				INFOPLIST_KEY_UIApplicationSupportsIndirectInputEvents = YES;
				INFOPLIST_KEY_UILaunchScreen_Generation = YES;
				INFOPLIST_KEY_UISupportedInterfaceOrientations_iPad = "UIInterfaceOrientationPortrait UIInterfaceOrientationPortraitUpsideDown UIInterfaceOrientationLandscapeLeft UIInterfaceOrientationLandscapeRight";
				INFOPLIST_KEY_UISupportedInterfaceOrientations_iPhone = "UIInterfaceOrientationPortrait UIInterfaceOrientationLandscapeLeft UIInterfaceOrientationLandscapeRight";
				LD_RUNPATH_SEARCH_PATHS = (
					"$(inherited)",
					"@executable_path/Frameworks",
				);
				MARKETING_VERSION = 1.0;
				PRODUCT_BUNDLE_IDENTIFIER = "waven7.Assignment-for-cs193p";
				PRODUCT_NAME = "$(TARGET_NAME)";
				SWIFT_EMIT_LOC_STRINGS = YES;
				SWIFT_VERSION = 5.0;
				TARGETED_DEVICE_FAMILY = "1,2";
			};
			name = Release;
		};
		A82961162C57246500C286D4 /* Debug */ = {
			isa = XCBuildConfiguration;
			buildSettings = {
				ALWAYS_EMBED_SWIFT_STANDARD_LIBRARIES = YES;
				BUNDLE_LOADER = "$(TEST_HOST)";
				CODE_SIGN_STYLE = Automatic;
				CURRENT_PROJECT_VERSION = 1;
				DEVELOPMENT_TEAM = LU8TV9ZK2Z;
				GENERATE_INFOPLIST_FILE = YES;
				IPHONEOS_DEPLOYMENT_TARGET = 17.5;
				MARKETING_VERSION = 1.0;
				PRODUCT_BUNDLE_IDENTIFIER = "waven7.Assignment-for-cs193pTests";
				PRODUCT_NAME = "$(TARGET_NAME)";
				SWIFT_EMIT_LOC_STRINGS = NO;
				SWIFT_VERSION = 5.0;
				TARGETED_DEVICE_FAMILY = "1,2";
				TEST_HOST = "$(BUILT_PRODUCTS_DIR)/Assignment for cs193p.app/$(BUNDLE_EXECUTABLE_FOLDER_PATH)/Assignment for cs193p";
			};
			name = Debug;
		};
		A82961172C57246500C286D4 /* Release */ = {
			isa = XCBuildConfiguration;
			buildSettings = {
				ALWAYS_EMBED_SWIFT_STANDARD_LIBRARIES = YES;
				BUNDLE_LOADER = "$(TEST_HOST)";
				CODE_SIGN_STYLE = Automatic;
				CURRENT_PROJECT_VERSION = 1;
				DEVELOPMENT_TEAM = LU8TV9ZK2Z;
				GENERATE_INFOPLIST_FILE = YES;
				IPHONEOS_DEPLOYMENT_TARGET = 17.5;
				MARKETING_VERSION = 1.0;
				PRODUCT_BUNDLE_IDENTIFIER = "waven7.Assignment-for-cs193pTests";
				PRODUCT_NAME = "$(TARGET_NAME)";
				SWIFT_EMIT_LOC_STRINGS = NO;
				SWIFT_VERSION = 5.0;
				TARGETED_DEVICE_FAMILY = "1,2";
				TEST_HOST = "$(BUILT_PRODUCTS_DIR)/Assignment for cs193p.app/$(BUNDLE_EXECUTABLE_FOLDER_PATH)/Assignment for cs193p";
			};
			name = Release;
		};
		A82961192C57246500C286D4 /* Debug */ = {
			isa = XCBuildConfiguration;
			buildSettings = {
				ALWAYS_EMBED_SWIFT_STANDARD_LIBRARIES = YES;
				CODE_SIGN_STYLE = Automatic;
				CURRENT_PROJECT_VERSION = 1;
				DEVELOPMENT_TEAM = LU8TV9ZK2Z;
				GENERATE_INFOPLIST_FILE = YES;
				MARKETING_VERSION = 1.0;
				PRODUCT_BUNDLE_IDENTIFIER = "waven7.Assignment-for-cs193pUITests";
				PRODUCT_NAME = "$(TARGET_NAME)";
				SWIFT_EMIT_LOC_STRINGS = NO;
				SWIFT_VERSION = 5.0;
				TARGETED_DEVICE_FAMILY = "1,2";
				TEST_TARGET_NAME = "Assignment for cs193p";
			};
			name = Debug;
		};
		A829611A2C57246500C286D4 /* Release */ = {
			isa = XCBuildConfiguration;
			buildSettings = {
				ALWAYS_EMBED_SWIFT_STANDARD_LIBRARIES = YES;
				CODE_SIGN_STYLE = Automatic;
				CURRENT_PROJECT_VERSION = 1;
				DEVELOPMENT_TEAM = LU8TV9ZK2Z;
				GENERATE_INFOPLIST_FILE = YES;
				MARKETING_VERSION = 1.0;
				PRODUCT_BUNDLE_IDENTIFIER = "waven7.Assignment-for-cs193pUITests";
				PRODUCT_NAME = "$(TARGET_NAME)";
				SWIFT_EMIT_LOC_STRINGS = NO;
				SWIFT_VERSION = 5.0;
				TARGETED_DEVICE_FAMILY = "1,2";
				TEST_TARGET_NAME = "Assignment for cs193p";
			};
			name = Release;
		};
/* End XCBuildConfiguration section */

/* Begin XCConfigurationList section */
		A82960E92C57246100C286D4 /* Build configuration list for PBXProject "Assignment for cs193p" */ = {
			isa = XCConfigurationList;
			buildConfigurations = (
				A82961102C57246500C286D4 /* Debug */,
				A82961112C57246500C286D4 /* Release */,
			);
			defaultConfigurationIsVisible = 0;
			defaultConfigurationName = Release;
		};
		A82961122C57246500C286D4 /* Build configuration list for PBXNativeTarget "Assignment for cs193p" */ = {
			isa = XCConfigurationList;
			buildConfigurations = (
				A82961132C57246500C286D4 /* Debug */,
				A82961142C57246500C286D4 /* Release */,
			);
			defaultConfigurationIsVisible = 0;
			defaultConfigurationName = Release;
		};
		A82961152C57246500C286D4 /* Build configuration list for PBXNativeTarget "Assignment for cs193pTests" */ = {
			isa = XCConfigurationList;
			buildConfigurations = (
				A82961162C57246500C286D4 /* Debug */,
				A82961172C57246500C286D4 /* Release */,
			);
			defaultConfigurationIsVisible = 0;
			defaultConfigurationName = Release;
		};
		A82961182C57246500C286D4 /* Build configuration list for PBXNativeTarget "Assignment for cs193pUITests" */ = {
			isa = XCConfigurationList;
			buildConfigurations = (
				A82961192C57246500C286D4 /* Debug */,
				A829611A2C57246500C286D4 /* Release */,
			);
			defaultConfigurationIsVisible = 0;
			defaultConfigurationName = Release;
		};
/* End XCConfigurationList section */
	};
	rootObject = A82960E62C57246100C286D4 /* Project object */;
}
